// !$*UTF8*$!
{
	archiveVersion = 1;
	classes = {
	};
	objectVersion = 56;
	objects = {

/* Begin PBXBuildFile section */
		1AB59FEE2AC887B600E68F5E /* AppDelegate.swift in Sources */ = {isa = PBXBuildFile; fileRef = 1AB59FED2AC887B600E68F5E /* AppDelegate.swift */; };
		1AB59FF02AC887B600E68F5E /* SceneDelegate.swift in Sources */ = {isa = PBXBuildFile; fileRef = 1AB59FEF2AC887B600E68F5E /* SceneDelegate.swift */; };
		1AB59FF22AC887B600E68F5E /* ViewController.swift in Sources */ = {isa = PBXBuildFile; fileRef = 1AB59FF12AC887B600E68F5E /* ViewController.swift */; };
		1AB59FF52AC887B600E68F5E /* Main.storyboard in Resources */ = {isa = PBXBuildFile; fileRef = 1AB59FF32AC887B600E68F5E /* Main.storyboard */; };
		1AB59FFA2AC887B700E68F5E /* LaunchScreen.storyboard in Resources */ = {isa = PBXBuildFile; fileRef = 1AB59FF82AC887B700E68F5E /* LaunchScreen.storyboard */; };
		1AB5A0052AC887B700E68F5E /* salidesRGBTests.swift in Sources */ = {isa = PBXBuildFile; fileRef = 1AB5A0042AC887B700E68F5E /* salidesRGBTests.swift */; };
		1AB5A00F2AC887B700E68F5E /* salidesRGBUITests.swift in Sources */ = {isa = PBXBuildFile; fileRef = 1AB5A00E2AC887B700E68F5E /* salidesRGBUITests.swift */; };
		1AB5A0112AC887B700E68F5E /* salidesRGBUITestsLaunchTests.swift in Sources */ = {isa = PBXBuildFile; fileRef = 1AB5A0102AC887B700E68F5E /* salidesRGBUITestsLaunchTests.swift */; };
		1AB5A01E2AC8885B00E68F5E /* Assets.xcassets in Resources */ = {isa = PBXBuildFile; fileRef = 1AB5A01D2AC8885B00E68F5E /* Assets.xcassets */; };
/* End PBXBuildFile section */

/* Begin PBXContainerItemProxy section */
		1AB5A0012AC887B700E68F5E /* PBXContainerItemProxy */ = {
			isa = PBXContainerItemProxy;
			containerPortal = 1AB59FE22AC887B600E68F5E /* Project object */;
			proxyType = 1;
			remoteGlobalIDString = 1AB59FE92AC887B600E68F5E;
			remoteInfo = salidesRGB;
		};
		1AB5A00B2AC887B700E68F5E /* PBXContainerItemProxy */ = {
			isa = PBXContainerItemProxy;
			containerPortal = 1AB59FE22AC887B600E68F5E /* Project object */;
			proxyType = 1;
			remoteGlobalIDString = 1AB59FE92AC887B600E68F5E;
			remoteInfo = salidesRGB;
		};
/* End PBXContainerItemProxy section */

/* Begin PBXFileReference section */
		1AB59FEA2AC887B600E68F5E /* salidesRGB.app */ = {isa = PBXFileReference; explicitFileType = wrapper.application; includeInIndex = 0; path = salidesRGB.app; sourceTree = BUILT_PRODUCTS_DIR; };
		1AB59FED2AC887B600E68F5E /* AppDelegate.swift */ = {isa = PBXFileReference; lastKnownFileType = sourcecode.swift; path = AppDelegate.swift; sourceTree = "<group>"; };
		1AB59FEF2AC887B600E68F5E /* SceneDelegate.swift */ = {isa = PBXFileReference; lastKnownFileType = sourcecode.swift; path = SceneDelegate.swift; sourceTree = "<group>"; };
		1AB59FF12AC887B600E68F5E /* ViewController.swift */ = {isa = PBXFileReference; lastKnownFileType = sourcecode.swift; path = ViewController.swift; sourceTree = "<group>"; };
		1AB59FF42AC887B600E68F5E /* Base */ = {isa = PBXFileReference; lastKnownFileType = file.storyboard; name = Base; path = Base.lproj/Main.storyboard; sourceTree = "<group>"; };
		1AB59FF92AC887B700E68F5E /* Base */ = {isa = PBXFileReference; lastKnownFileType = file.storyboard; name = Base; path = Base.lproj/LaunchScreen.storyboard; sourceTree = "<group>"; };
		1AB59FFB2AC887B700E68F5E /* Info.plist */ = {isa = PBXFileReference; lastKnownFileType = text.plist.xml; path = Info.plist; sourceTree = "<group>"; };
		1AB5A0002AC887B700E68F5E /* salidesRGBTests.xctest */ = {isa = PBXFileReference; explicitFileType = wrapper.cfbundle; includeInIndex = 0; path = salidesRGBTests.xctest; sourceTree = BUILT_PRODUCTS_DIR; };
		1AB5A0042AC887B700E68F5E /* salidesRGBTests.swift */ = {isa = PBXFileReference; lastKnownFileType = sourcecode.swift; path = salidesRGBTests.swift; sourceTree = "<group>"; };
		1AB5A00A2AC887B700E68F5E /* salidesRGBUITests.xctest */ = {isa = PBXFileReference; explicitFileType = wrapper.cfbundle; includeInIndex = 0; path = salidesRGBUITests.xctest; sourceTree = BUILT_PRODUCTS_DIR; };
		1AB5A00E2AC887B700E68F5E /* salidesRGBUITests.swift */ = {isa = PBXFileReference; lastKnownFileType = sourcecode.swift; path = salidesRGBUITests.swift; sourceTree = "<group>"; };
		1AB5A0102AC887B700E68F5E /* salidesRGBUITestsLaunchTests.swift */ = {isa = PBXFileReference; lastKnownFileType = sourcecode.swift; path = salidesRGBUITestsLaunchTests.swift; sourceTree = "<group>"; };
		1AB5A01D2AC8885B00E68F5E /* Assets.xcassets */ = {isa = PBXFileReference; lastKnownFileType = folder.assetcatalog; path = Assets.xcassets; sourceTree = "<group>"; };
/* End PBXFileReference section */

/* Begin PBXFrameworksBuildPhase section */
		1AB59FE72AC887B600E68F5E /* Frameworks */ = {
			isa = PBXFrameworksBuildPhase;
			buildActionMask = 2147483647;
			files = (
			);
			runOnlyForDeploymentPostprocessing = 0;
		};
		1AB59FFD2AC887B700E68F5E /* Frameworks */ = {
			isa = PBXFrameworksBuildPhase;
			buildActionMask = 2147483647;
			files = (
			);
			runOnlyForDeploymentPostprocessing = 0;
		};
		1AB5A0072AC887B700E68F5E /* Frameworks */ = {
			isa = PBXFrameworksBuildPhase;
			buildActionMask = 2147483647;
			files = (
			);
			runOnlyForDeploymentPostprocessing = 0;
		};
/* End PBXFrameworksBuildPhase section */

/* Begin PBXGroup section */
		1AB59FE12AC887B600E68F5E = {
			isa = PBXGroup;
			children = (
				1AB59FEC2AC887B600E68F5E /* salidesRGB */,
				1AB5A0032AC887B700E68F5E /* salidesRGBTests */,
				1AB5A00D2AC887B700E68F5E /* salidesRGBUITests */,
				1AB59FEB2AC887B600E68F5E /* Products */,
			);
			sourceTree = "<group>";
		};
		1AB59FEB2AC887B600E68F5E /* Products */ = {
			isa = PBXGroup;
			children = (
				1AB59FEA2AC887B600E68F5E /* salidesRGB.app */,
				1AB5A0002AC887B700E68F5E /* salidesRGBTests.xctest */,
				1AB5A00A2AC887B700E68F5E /* salidesRGBUITests.xctest */,
			);
			name = Products;
			sourceTree = "<group>";
		};
		1AB59FEC2AC887B600E68F5E /* salidesRGB */ = {
			isa = PBXGroup;
			children = (
				1AB59FED2AC887B600E68F5E /* AppDelegate.swift */,
				1AB59FEF2AC887B600E68F5E /* SceneDelegate.swift */,
				1AB59FF12AC887B600E68F5E /* ViewController.swift */,
				1AB59FF32AC887B600E68F5E /* Main.storyboard */,
				1AB59FF82AC887B700E68F5E /* LaunchScreen.storyboard */,
				1AB59FFB2AC887B700E68F5E /* Info.plist */,
				1AB5A01D2AC8885B00E68F5E /* Assets.xcassets */,
			);
			path = salidesRGB;
			sourceTree = "<group>";
		};
		1AB5A0032AC887B700E68F5E /* salidesRGBTests */ = {
			isa = PBXGroup;
			children = (
				1AB5A0042AC887B700E68F5E /* salidesRGBTests.swift */,
			);
			path = salidesRGBTests;
			sourceTree = "<group>";
		};
		1AB5A00D2AC887B700E68F5E /* salidesRGBUITests */ = {
			isa = PBXGroup;
			children = (
				1AB5A00E2AC887B700E68F5E /* salidesRGBUITests.swift */,
				1AB5A0102AC887B700E68F5E /* salidesRGBUITestsLaunchTests.swift */,
			);
			path = salidesRGBUITests;
			sourceTree = "<group>";
		};
/* End PBXGroup section */

/* Begin PBXNativeTarget section */
		1AB59FE92AC887B600E68F5E /* salidesRGB */ = {
			isa = PBXNativeTarget;
			buildConfigurationList = 1AB5A0142AC887B700E68F5E /* Build configuration list for PBXNativeTarget "salidesRGB" */;
			buildPhases = (
				1AB59FE62AC887B600E68F5E /* Sources */,
				1AB59FE72AC887B600E68F5E /* Frameworks */,
				1AB59FE82AC887B600E68F5E /* Resources */,
			);
			buildRules = (
			);
			dependencies = (
			);
			name = salidesRGB;
			productName = salidesRGB;
			productReference = 1AB59FEA2AC887B600E68F5E /* salidesRGB.app */;
			productType = "com.apple.product-type.application";
		};
		1AB59FFF2AC887B700E68F5E /* salidesRGBTests */ = {
			isa = PBXNativeTarget;
			buildConfigurationList = 1AB5A0172AC887B700E68F5E /* Build configuration list for PBXNativeTarget "salidesRGBTests" */;
			buildPhases = (
				1AB59FFC2AC887B700E68F5E /* Sources */,
				1AB59FFD2AC887B700E68F5E /* Frameworks */,
				1AB59FFE2AC887B700E68F5E /* Resources */,
			);
			buildRules = (
			);
			dependencies = (
				1AB5A0022AC887B700E68F5E /* PBXTargetDependency */,
			);
			name = salidesRGBTests;
			productName = salidesRGBTests;
			productReference = 1AB5A0002AC887B700E68F5E /* salidesRGBTests.xctest */;
			productType = "com.apple.product-type.bundle.unit-test";
		};
		1AB5A0092AC887B700E68F5E /* salidesRGBUITests */ = {
			isa = PBXNativeTarget;
			buildConfigurationList = 1AB5A01A2AC887B700E68F5E /* Build configuration list for PBXNativeTarget "salidesRGBUITests" */;
			buildPhases = (
				1AB5A0062AC887B700E68F5E /* Sources */,
				1AB5A0072AC887B700E68F5E /* Frameworks */,
				1AB5A0082AC887B700E68F5E /* Resources */,
			);
			buildRules = (
			);
			dependencies = (
				1AB5A00C2AC887B700E68F5E /* PBXTargetDependency */,
			);
			name = salidesRGBUITests;
			productName = salidesRGBUITests;
			productReference = 1AB5A00A2AC887B700E68F5E /* salidesRGBUITests.xctest */;
			productType = "com.apple.product-type.bundle.ui-testing";
		};
/* End PBXNativeTarget section */

/* Begin PBXProject section */
		1AB59FE22AC887B600E68F5E /* Project object */ = {
			isa = PBXProject;
			attributes = {
				BuildIndependentTargetsInParallel = 1;
				LastSwiftUpdateCheck = 1500;
				LastUpgradeCheck = 1500;
				TargetAttributes = {
					1AB59FE92AC887B600E68F5E = {
						CreatedOnToolsVersion = 15.0;
					};
					1AB59FFF2AC887B700E68F5E = {
						CreatedOnToolsVersion = 15.0;
						TestTargetID = 1AB59FE92AC887B600E68F5E;
					};
					1AB5A0092AC887B700E68F5E = {
						CreatedOnToolsVersion = 15.0;
						TestTargetID = 1AB59FE92AC887B600E68F5E;
					};
				};
			};
			buildConfigurationList = 1AB59FE52AC887B600E68F5E /* Build configuration list for PBXProject "salidesRGB" */;
			compatibilityVersion = "Xcode 14.0";
			developmentRegion = en;
			hasScannedForEncodings = 0;
			knownRegions = (
				en,
				Base,
			);
			mainGroup = 1AB59FE12AC887B600E68F5E;
			productRefGroup = 1AB59FEB2AC887B600E68F5E /* Products */;
			projectDirPath = "";
			projectRoot = "";
			targets = (
				1AB59FE92AC887B600E68F5E /* salidesRGB */,
				1AB59FFF2AC887B700E68F5E /* salidesRGBTests */,
				1AB5A0092AC887B700E68F5E /* salidesRGBUITests */,
			);
		};
/* End PBXProject section */

/* Begin PBXResourcesBuildPhase section */
		1AB59FE82AC887B600E68F5E /* Resources */ = {
			isa = PBXResourcesBuildPhase;
			buildActionMask = 2147483647;
			files = (
				1AB59FFA2AC887B700E68F5E /* LaunchScreen.storyboard in Resources */,
				1AB5A01E2AC8885B00E68F5E /* Assets.xcassets in Resources */,
				1AB59FF52AC887B600E68F5E /* Main.storyboard in Resources */,
			);
			runOnlyForDeploymentPostprocessing = 0;
		};
		1AB59FFE2AC887B700E68F5E /* Resources */ = {
			isa = PBXResourcesBuildPhase;
			buildActionMask = 2147483647;
			files = (
			);
			runOnlyForDeploymentPostprocessing = 0;
		};
		1AB5A0082AC887B700E68F5E /* Resources */ = {
			isa = PBXResourcesBuildPhase;
			buildActionMask = 2147483647;
			files = (
			);
			runOnlyForDeploymentPostprocessing = 0;
		};
/* End PBXResourcesBuildPhase section */

/* Begin PBXSourcesBuildPhase section */
		1AB59FE62AC887B600E68F5E /* Sources */ = {
			isa = PBXSourcesBuildPhase;
			buildActionMask = 2147483647;
			files = (
				1AB59FF22AC887B600E68F5E /* ViewController.swift in Sources */,
				1AB59FEE2AC887B600E68F5E /* AppDelegate.swift in Sources */,
				1AB59FF02AC887B600E68F5E /* SceneDelegate.swift in Sources */,
			);
			runOnlyForDeploymentPostprocessing = 0;
		};
		1AB59FFC2AC887B700E68F5E /* Sources */ = {
			isa = PBXSourcesBuildPhase;
			buildActionMask = 2147483647;
			files = (
				1AB5A0052AC887B700E68F5E /* salidesRGBTests.swift in Sources */,
			);
			runOnlyForDeploymentPostprocessing = 0;
		};
		1AB5A0062AC887B700E68F5E /* Sources */ = {
			isa = PBXSourcesBuildPhase;
			buildActionMask = 2147483647;
			files = (
				1AB5A0112AC887B700E68F5E /* salidesRGBUITestsLaunchTests.swift in Sources */,
				1AB5A00F2AC887B700E68F5E /* salidesRGBUITests.swift in Sources */,
			);
			runOnlyForDeploymentPostprocessing = 0;
		};
/* End PBXSourcesBuildPhase section */

/* Begin PBXTargetDependency section */
		1AB5A0022AC887B700E68F5E /* PBXTargetDependency */ = {
			isa = PBXTargetDependency;
			target = 1AB59FE92AC887B600E68F5E /* salidesRGB */;
			targetProxy = 1AB5A0012AC887B700E68F5E /* PBXContainerItemProxy */;
		};
		1AB5A00C2AC887B700E68F5E /* PBXTargetDependency */ = {
			isa = PBXTargetDependency;
			target = 1AB59FE92AC887B600E68F5E /* salidesRGB */;
			targetProxy = 1AB5A00B2AC887B700E68F5E /* PBXContainerItemProxy */;
		};
/* End PBXTargetDependency section */

/* Begin PBXVariantGroup section */
		1AB59FF32AC887B600E68F5E /* Main.storyboard */ = {
			isa = PBXVariantGroup;
			children = (
				1AB59FF42AC887B600E68F5E /* Base */,
			);
			name = Main.storyboard;
			sourceTree = "<group>";
		};
		1AB59FF82AC887B700E68F5E /* LaunchScreen.storyboard */ = {
			isa = PBXVariantGroup;
			children = (
				1AB59FF92AC887B700E68F5E /* Base */,
			);
			name = LaunchScreen.storyboard;
			sourceTree = "<group>";
		};
/* End PBXVariantGroup section */

/* Begin XCBuildConfiguration section */
		1AB5A0122AC887B700E68F5E /* Debug */ = {
			isa = XCBuildConfiguration;
			buildSettings = {
				ALWAYS_SEARCH_USER_PATHS = NO;
				ASSETCATALOG_COMPILER_GENERATE_SWIFT_ASSET_SYMBOL_EXTENSIONS = YES;
				CLANG_ANALYZER_NONNULL = YES;
				CLANG_ANALYZER_NUMBER_OBJECT_CONVERSION = YES_AGGRESSIVE;
				CLANG_CXX_LANGUAGE_STANDARD = "gnu++20";
				CLANG_ENABLE_MODULES = YES;
				CLANG_ENABLE_OBJC_ARC = YES;
				CLANG_ENABLE_OBJC_WEAK = YES;
				CLANG_WARN_BLOCK_CAPTURE_AUTORELEASING = YES;
				CLANG_WARN_BOOL_CONVERSION = YES;
				CLANG_WARN_COMMA = YES;
				CLANG_WARN_CONSTANT_CONVERSION = YES;
				CLANG_WARN_DEPRECATED_OBJC_IMPLEMENTATIONS = YES;
				CLANG_WARN_DIRECT_OBJC_ISA_USAGE = YES_ERROR;
				CLANG_WARN_DOCUMENTATION_COMMENTS = YES;
				CLANG_WARN_EMPTY_BODY = YES;
				CLANG_WARN_ENUM_CONVERSION = YES;
				CLANG_WARN_INFINITE_RECURSION = YES;
				CLANG_WARN_INT_CONVERSION = YES;
				CLANG_WARN_NON_LITERAL_NULL_CONVERSION = YES;
				CLANG_WARN_OBJC_IMPLICIT_RETAIN_SELF = YES;
				CLANG_WARN_OBJC_LITERAL_CONVERSION = YES;
				CLANG_WARN_OBJC_ROOT_CLASS = YES_ERROR;
				CLANG_WARN_QUOTED_INCLUDE_IN_FRAMEWORK_HEADER = YES;
				CLANG_WARN_RANGE_LOOP_ANALYSIS = YES;
				CLANG_WARN_STRICT_PROTOTYPES = YES;
				CLANG_WARN_SUSPICIOUS_MOVE = YES;
				CLANG_WARN_UNGUARDED_AVAILABILITY = YES_AGGRESSIVE;
				CLANG_WARN_UNREACHABLE_CODE = YES;
				CLANG_WARN__DUPLICATE_METHOD_MATCH = YES;
				COPY_PHASE_STRIP = NO;
				DEBUG_INFORMATION_FORMAT = dwarf;
				ENABLE_STRICT_OBJC_MSGSEND = YES;
				ENABLE_TESTABILITY = YES;
				ENABLE_USER_SCRIPT_SANDBOXING = YES;
				GCC_C_LANGUAGE_STANDARD = gnu17;
				GCC_DYNAMIC_NO_PIC = NO;
				GCC_NO_COMMON_BLOCKS = YES;
				GCC_OPTIMIZATION_LEVEL = 0;
				GCC_PREPROCESSOR_DEFINITIONS = (
					"DEBUG=1",
					"$(inherited)",
				);
				GCC_WARN_64_TO_32_BIT_CONVERSION = YES;
				GCC_WARN_ABOUT_RETURN_TYPE = YES_ERROR;
				GCC_WARN_UNDECLARED_SELECTOR = YES;
				GCC_WARN_UNINITIALIZED_AUTOS = YES_AGGRESSIVE;
				GCC_WARN_UNUSED_FUNCTION = YES;
				GCC_WARN_UNUSED_VARIABLE = YES;
				IPHONEOS_DEPLOYMENT_TARGET = 17.0;
				LOCALIZATION_PREFERS_STRING_CATALOGS = YES;
				MTL_ENABLE_DEBUG_INFO = INCLUDE_SOURCE;
				MTL_FAST_MATH = YES;
				ONLY_ACTIVE_ARCH = YES;
				SDKROOT = iphoneos;
				SWIFT_ACTIVE_COMPILATION_CONDITIONS = "DEBUG $(inherited)";
				SWIFT_OPTIMIZATION_LEVEL = "-Onone";
			};
			name = Debug;
		};
		1AB5A0132AC887B700E68F5E /* Release */ = {
			isa = XCBuildConfiguration;
			buildSettings = {
				ALWAYS_SEARCH_USER_PATHS = NO;
				ASSETCATALOG_COMPILER_GENERATE_SWIFT_ASSET_SYMBOL_EXTENSIONS = YES;
				CLANG_ANALYZER_NONNULL = YES;
				CLANG_ANALYZER_NUMBER_OBJECT_CONVERSION = YES_AGGRESSIVE;
				CLANG_CXX_LANGUAGE_STANDARD = "gnu++20";
				CLANG_ENABLE_MODULES = YES;
				CLANG_ENABLE_OBJC_ARC = YES;
				CLANG_ENABLE_OBJC_WEAK = YES;
				CLANG_WARN_BLOCK_CAPTURE_AUTORELEASING = YES;
				CLANG_WARN_BOOL_CONVERSION = YES;
				CLANG_WARN_COMMA = YES;
				CLANG_WARN_CONSTANT_CONVERSION = YES;
				CLANG_WARN_DEPRECATED_OBJC_IMPLEMENTATIONS = YES;
				CLANG_WARN_DIRECT_OBJC_ISA_USAGE = YES_ERROR;
				CLANG_WARN_DOCUMENTATION_COMMENTS = YES;
				CLANG_WARN_EMPTY_BODY = YES;
				CLANG_WARN_ENUM_CONVERSION = YES;
				CLANG_WARN_INFINITE_RECURSION = YES;
				CLANG_WARN_INT_CONVERSION = YES;
				CLANG_WARN_NON_LITERAL_NULL_CONVERSION = YES;
				CLANG_WARN_OBJC_IMPLICIT_RETAIN_SELF = YES;
				CLANG_WARN_OBJC_LITERAL_CONVERSION = YES;
				CLANG_WARN_OBJC_ROOT_CLASS = YES_ERROR;
				CLANG_WARN_QUOTED_INCLUDE_IN_FRAMEWORK_HEADER = YES;
				CLANG_WARN_RANGE_LOOP_ANALYSIS = YES;
				CLANG_WARN_STRICT_PROTOTYPES = YES;
				CLANG_WARN_SUSPICIOUS_MOVE = YES;
				CLANG_WARN_UNGUARDED_AVAILABILITY = YES_AGGRESSIVE;
				CLANG_WARN_UNREACHABLE_CODE = YES;
				CLANG_WARN__DUPLICATE_METHOD_MATCH = YES;
				COPY_PHASE_STRIP = NO;
				DEBUG_INFORMATION_FORMAT = "dwarf-with-dsym";
				ENABLE_NS_ASSERTIONS = NO;
				ENABLE_STRICT_OBJC_MSGSEND = YES;
				ENABLE_USER_SCRIPT_SANDBOXING = YES;
				GCC_C_LANGUAGE_STANDARD = gnu17;
				GCC_NO_COMMON_BLOCKS = YES;
				GCC_WARN_64_TO_32_BIT_CONVERSION = YES;
				GCC_WARN_ABOUT_RETURN_TYPE = YES_ERROR;
				GCC_WARN_UNDECLARED_SELECTOR = YES;
				GCC_WARN_UNINITIALIZED_AUTOS = YES_AGGRESSIVE;
				GCC_WARN_UNUSED_FUNCTION = YES;
				GCC_WARN_UNUSED_VARIABLE = YES;
				IPHONEOS_DEPLOYMENT_TARGET = 17.0;
				LOCALIZATION_PREFERS_STRING_CATALOGS = YES;
				MTL_ENABLE_DEBUG_INFO = NO;
				MTL_FAST_MATH = YES;
				SDKROOT = iphoneos;
				SWIFT_COMPILATION_MODE = wholemodule;
				VALIDATE_PRODUCT = YES;
			};
			name = Release;
		};
		1AB5A0152AC887B700E68F5E /* Debug */ = {
			isa = XCBuildConfiguration;
			buildSettings = {
				ASSETCATALOG_COMPILER_APPICON_NAME = AppIcon;
				ASSETCATALOG_COMPILER_GLOBAL_ACCENT_COLOR_NAME = AccentColor;
				CODE_SIGN_STYLE = Automatic;
				CURRENT_PROJECT_VERSION = 1;
				DEVELOPMENT_TEAM = XQHLP8M93C;
				GENERATE_INFOPLIST_FILE = YES;
				INFOPLIST_FILE = salidesRGB/Info.plist;
				INFOPLIST_KEY_CFBundleDisplayName = "Slides RGB";
				INFOPLIST_KEY_UIApplicationSupportsIndirectInputEvents = YES;
				INFOPLIST_KEY_UILaunchStoryboardName = LaunchScreen;
				INFOPLIST_KEY_UIMainStoryboardFile = Main;
				INFOPLIST_KEY_UISupportedInterfaceOrientations = "UIInterfaceOrientationPortrait UIInterfaceOrientationPortraitUpsideDown";
				LD_RUNPATH_SEARCH_PATHS = (
					"$(inherited)",
					"@executable_path/Frameworks",
				);
				MARKETING_VERSION = 1.0;
				PRODUCT_BUNDLE_IDENTIFIER = retrosk8brd.com.salidesRGB;
				PRODUCT_NAME = "$(TARGET_NAME)";
				SWIFT_EMIT_LOC_STRINGS = YES;
				SWIFT_VERSION = 5.0;
				TARGETED_DEVICE_FAMILY = "1,2";
			};
			name = Debug;
		};
		1AB5A0162AC887B700E68F5E /* Release */ = {
			isa = XCBuildConfiguration;
			buildSettings = {
				ASSETCATALOG_COMPILER_APPICON_NAME = AppIcon;
				ASSETCATALOG_COMPILER_GLOBAL_ACCENT_COLOR_NAME = AccentColor;
				CODE_SIGN_STYLE = Automatic;
				CURRENT_PROJECT_VERSION = 1;
				DEVELOPMENT_TEAM = XQHLP8M93C;
				GENERATE_INFOPLIST_FILE = YES;
				INFOPLIST_FILE = salidesRGB/Info.plist;
				INFOPLIST_KEY_CFBundleDisplayName = "Slides RGB";
				INFOPLIST_KEY_UIApplicationSupportsIndirectInputEvents = YES;
				INFOPLIST_KEY_UILaunchStoryboardName = LaunchScreen;
				INFOPLIST_KEY_UIMainStoryboardFile = Main;
				INFOPLIST_KEY_UISupportedInterfaceOrientations = "UIInterfaceOrientationPortrait UIInterfaceOrientationPortraitUpsideDown";
				LD_RUNPATH_SEARCH_PATHS = (
					"$(inherited)",
					"@executable_path/Frameworks",
				);
				MARKETING_VERSION = 1.0;
				PRODUCT_BUNDLE_IDENTIFIER = retrosk8brd.com.salidesRGB;
				PRODUCT_NAME = "$(TARGET_NAME)";
				SWIFT_EMIT_LOC_STRINGS = YES;
				SWIFT_VERSION = 5.0;
				TARGETED_DEVICE_FAMILY = "1,2";
			};
			name = Release;
		};
		1AB5A0182AC887B700E68F5E /* Debug */ = {
			isa = XCBuildConfiguration;
			buildSettings = {
				ALWAYS_EMBED_SWIFT_STANDARD_LIBRARIES = YES;
				BUNDLE_LOADER = "$(TEST_HOST)";
				CODE_SIGN_STYLE = Automatic;
				CURRENT_PROJECT_VERSION = 1;
				DEVELOPMENT_TEAM = XQHLP8M93C;
				GENERATE_INFOPLIST_FILE = YES;
				IPHONEOS_DEPLOYMENT_TARGET = 17.0;
				MARKETING_VERSION = 1.0;
				PRODUCT_BUNDLE_IDENTIFIER = retrosk8brd.com.salidesRGBTests;
				PRODUCT_NAME = "$(TARGET_NAME)";
				SWIFT_EMIT_LOC_STRINGS = NO;
				SWIFT_VERSION = 5.0;
				TARGETED_DEVICE_FAMILY = "1,2";
				TEST_HOST = "$(BUILT_PRODUCTS_DIR)/salidesRGB.app/$(BUNDLE_EXECUTABLE_FOLDER_PATH)/salidesRGB";
			};
			name = Debug;
		};
		1AB5A0192AC887B700E68F5E /* Release */ = {
			isa = XCBuildConfiguration;
			buildSettings = {
				ALWAYS_EMBED_SWIFT_STANDARD_LIBRARIES = YES;
				BUNDLE_LOADER = "$(TEST_HOST)";
				CODE_SIGN_STYLE = Automatic;
				CURRENT_PROJECT_VERSION = 1;
				DEVELOPMENT_TEAM = XQHLP8M93C;
				GENERATE_INFOPLIST_FILE = YES;
				IPHONEOS_DEPLOYMENT_TARGET = 17.0;
				MARKETING_VERSION = 1.0;
				PRODUCT_BUNDLE_IDENTIFIER = retrosk8brd.com.salidesRGBTests;
				PRODUCT_NAME = "$(TARGET_NAME)";
				SWIFT_EMIT_LOC_STRINGS = NO;
				SWIFT_VERSION = 5.0;
				TARGETED_DEVICE_FAMILY = "1,2";
				TEST_HOST = "$(BUILT_PRODUCTS_DIR)/salidesRGB.app/$(BUNDLE_EXECUTABLE_FOLDER_PATH)/salidesRGB";
			};
			name = Release;
		};
		1AB5A01B2AC887B700E68F5E /* Debug */ = {
			isa = XCBuildConfiguration;
			buildSettings = {
				ALWAYS_EMBED_SWIFT_STANDARD_LIBRARIES = YES;
				CODE_SIGN_STYLE = Automatic;
				CURRENT_PROJECT_VERSION = 1;
				DEVELOPMENT_TEAM = XQHLP8M93C;
				GENERATE_INFOPLIST_FILE = YES;
				MARKETING_VERSION = 1.0;
				PRODUCT_BUNDLE_IDENTIFIER = retrosk8brd.com.salidesRGBUITests;
				PRODUCT_NAME = "$(TARGET_NAME)";
				SWIFT_EMIT_LOC_STRINGS = NO;
				SWIFT_VERSION = 5.0;
				TARGETED_DEVICE_FAMILY = "1,2";
				TEST_TARGET_NAME = salidesRGB;
			};
			name = Debug;
		};
		1AB5A01C2AC887B700E68F5E /* Release */ = {
			isa = XCBuildConfiguration;
			buildSettings = {
				ALWAYS_EMBED_SWIFT_STANDARD_LIBRARIES = YES;
				CODE_SIGN_STYLE = Automatic;
				CURRENT_PROJECT_VERSION = 1;
				DEVELOPMENT_TEAM = XQHLP8M93C;
				GENERATE_INFOPLIST_FILE = YES;
				MARKETING_VERSION = 1.0;
				PRODUCT_BUNDLE_IDENTIFIER = retrosk8brd.com.salidesRGBUITests;
				PRODUCT_NAME = "$(TARGET_NAME)";
				SWIFT_EMIT_LOC_STRINGS = NO;
				SWIFT_VERSION = 5.0;
				TARGETED_DEVICE_FAMILY = "1,2";
				TEST_TARGET_NAME = salidesRGB;
			};
			name = Release;
		};
/* End XCBuildConfiguration section */

/* Begin XCConfigurationList section */
		1AB59FE52AC887B600E68F5E /* Build configuration list for PBXProject "salidesRGB" */ = {
			isa = XCConfigurationList;
			buildConfigurations = (
				1AB5A0122AC887B700E68F5E /* Debug */,
				1AB5A0132AC887B700E68F5E /* Release */,
			);
			defaultConfigurationIsVisible = 0;
			defaultConfigurationName = Release;
		};
		1AB5A0142AC887B700E68F5E /* Build configuration list for PBXNativeTarget "salidesRGB" */ = {
			isa = XCConfigurationList;
			buildConfigurations = (
				1AB5A0152AC887B700E68F5E /* Debug */,
				1AB5A0162AC887B700E68F5E /* Release */,
			);
			defaultConfigurationIsVisible = 0;
			defaultConfigurationName = Release;
		};
		1AB5A0172AC887B700E68F5E /* Build configuration list for PBXNativeTarget "salidesRGBTests" */ = {
			isa = XCConfigurationList;
			buildConfigurations = (
				1AB5A0182AC887B700E68F5E /* Debug */,
				1AB5A0192AC887B700E68F5E /* Release */,
			);
			defaultConfigurationIsVisible = 0;
			defaultConfigurationName = Release;
		};
		1AB5A01A2AC887B700E68F5E /* Build configuration list for PBXNativeTarget "salidesRGBUITests" */ = {
			isa = XCConfigurationList;
			buildConfigurations = (
				1AB5A01B2AC887B700E68F5E /* Debug */,
				1AB5A01C2AC887B700E68F5E /* Release */,
			);
			defaultConfigurationIsVisible = 0;
			defaultConfigurationName = Release;
		};
/* End XCConfigurationList section */
	};
	rootObject = 1AB59FE22AC887B600E68F5E /* Project object */;
}
